
Microsoft Visual Studio Solution File, Format Version 12.00
# Visual Studio 15
VisualStudioVersion = 15.0.26403.3
MinimumVisualStudioVersion = 10.0.40219.1
Project("{FAE04EC0-301F-11D3-BF4B-00C04F79EFBC}") = "ActionWebService", "ActionWebService\ActionWebService.csproj", "{EC0174DC-1843-4B53-9DCF-78602B98D03F}"
EndProject
Project("{FAE04EC0-301F-11D3-BF4B-00C04F79EFBC}") = "Actions", "Actions\Actions.csproj", "{402C6F81-E56E-4CDA-8016-6C9E94DE083C}"
EndProject
Project("{FAE04EC0-301F-11D3-BF4B-00C04F79EFBC}") = "ActionTests", "ActionTests\ActionTests.csproj", "{1EADB990-93B9-48EA-906D-1CE6E5F1728E}"
EndProject
Global
	GlobalSection(SolutionConfigurationPlatforms) = preSolution
		Debug|Any CPU = Debug|Any CPU
		Release|Any CPU = Release|Any CPU
	EndGlobalSection
	GlobalSection(ProjectConfigurationPlatforms) = postSolution
		{EC0174DC-1843-4B53-9DCF-78602B98D03F}.Debug|Any CPU.ActiveCfg = Debug|Any CPU
		{EC0174DC-1843-4B53-9DCF-78602B98D03F}.Debug|Any CPU.Build.0 = Debug|Any CPU
		{EC0174DC-1843-4B53-9DCF-78602B98D03F}.Release|Any CPU.ActiveCfg = Release|Any CPU
		{EC0174DC-1843-4B53-9DCF-78602B98D03F}.Release|Any CPU.Build.0 = Release|Any CPU
		{402C6F81-E56E-4CDA-8016-6C9E94DE083C}.Debug|Any CPU.ActiveCfg = Debug|Any CPU
		{402C6F81-E56E-4CDA-8016-6C9E94DE083C}.Debug|Any CPU.Build.0 = Debug|Any CPU
		{402C6F81-E56E-4CDA-8016-6C9E94DE083C}.Release|Any CPU.ActiveCfg = Release|Any CPU
		{402C6F81-E56E-4CDA-8016-6C9E94DE083C}.Release|Any CPU.Build.0 = Release|Any CPU
		{1EADB990-93B9-48EA-906D-1CE6E5F1728E}.Debug|Any CPU.ActiveCfg = Debug|Any CPU
		{1EADB990-93B9-48EA-906D-1CE6E5F1728E}.Debug|Any CPU.Build.0 = Debug|Any CPU
		{1EADB990-93B9-48EA-906D-1CE6E5F1728E}.Release|Any CPU.ActiveCfg = Release|Any CPU
		{1EADB990-93B9-48EA-906D-1CE6E5F1728E}.Release|Any CPU.Build.0 = Release|Any CPU
	EndGlobalSection
	GlobalSection(SolutionProperties) = preSolution
		HideSolutionNode = FALSE
	EndGlobalSection
EndGlobal
